
Microsoft Visual Studio Solution File, Format Version 12.00
# Visual Studio Version 16
VisualStudioVersion = 16.0.31729.503
MinimumVisualStudioVersion = 10.0.40219.1
Project("{FAE04EC0-301F-11D3-BF4B-00C04F79EFBC}") = "MovieShop", "MovieShop.csproj", "{1582DEB5-F3EE-48BA-B7C0-4B5F7368CE38}"
EndProject
Project("{FAE04EC0-301F-11D3-BF4B-00C04F79EFBC}") = "MovieShop.Tests", "..\MovieShop.Tests\MovieShop.Tests.csproj", "{A1C42CFA-98CE-4EF8-A46D-D7DE98AA615E}"
EndProject
Global
	GlobalSection(SolutionConfigurationPlatforms) = preSolution
		Debug|Any CPU = Debug|Any CPU
		Release|Any CPU = Release|Any CPU
	EndGlobalSection
	GlobalSection(ProjectConfigurationPlatforms) = postSolution
		{1582DEB5-F3EE-48BA-B7C0-4B5F7368CE38}.Debug|Any CPU.ActiveCfg = Debug|Any CPU
		{1582DEB5-F3EE-48BA-B7C0-4B5F7368CE38}.Debug|Any CPU.Build.0 = Debug|Any CPU
		{1582DEB5-F3EE-48BA-B7C0-4B5F7368CE38}.Release|Any CPU.ActiveCfg = Release|Any CPU
		{1582DEB5-F3EE-48BA-B7C0-4B5F7368CE38}.Release|Any CPU.Build.0 = Release|Any CPU
		{A1C42CFA-98CE-4EF8-A46D-D7DE98AA615E}.Debug|Any CPU.ActiveCfg = Debug|Any CPU
		{A1C42CFA-98CE-4EF8-A46D-D7DE98AA615E}.Debug|Any CPU.Build.0 = Debug|Any CPU
		{A1C42CFA-98CE-4EF8-A46D-D7DE98AA615E}.Release|Any CPU.ActiveCfg = Release|Any CPU
		{A1C42CFA-98CE-4EF8-A46D-D7DE98AA615E}.Release|Any CPU.Build.0 = Release|Any CPU
	EndGlobalSection
	GlobalSection(SolutionProperties) = preSolution
		HideSolutionNode = FALSE
	EndGlobalSection
	GlobalSection(ExtensibilityGlobals) = postSolution
		SolutionGuid = {69DAB8AD-E556-4A14-9DD5-36326EB65B64}
	EndGlobalSection
EndGlobal
